// !$*UTF8*$!
{
	archiveVersion = 1;
	classes = {
	};
	objectVersion = 46;
	objects = {

/* Begin PBXBuildFile section */
		B8CC9086F6F7308FA94B23EC /* Foundation.framework in Frameworks */ = {isa = PBXBuildFile; fileRef = B8CC98B995F27E823D5C31B8 /* Foundation.framework */; };
		B8CC9110C090176364F8B368 /* DZAppDelegate.m in Sources */ = {isa = PBXBuildFile; fileRef = B8CC94C53FEECC59EC439D09 /* DZAppDelegate.m */; };
		B8CC94FB4A29C3EE11055CE7 /* CoreGraphics.framework in Frameworks */ = {isa = PBXBuildFile; fileRef = B8CC9C6B9634C742B075D0A6 /* CoreGraphics.framework */; };
		B8CC96C78CF229D96DAECDD4 /* Main_iPad.storyboard in Resources */ = {isa = PBXBuildFile; fileRef = B8CC9769B9AC88E24A5C3AA1 /* Main_iPad.storyboard */; };
		B8CC9BCA91DC51E7105D4DDF /* UIKit.framework in Frameworks */ = {isa = PBXBuildFile; fileRef = B8CC97B9DF491530D6315EBF /* UIKit.framework */; };
		B8CC9C1679499B77F9C1F9D2 /* Images.xcassets in Resources */ = {isa = PBXBuildFile; fileRef = B8CC945105B26000E4E865AF /* Images.xcassets */; };
		B8CC9CFE852FFB72375AE907 /* DZMainViewController.m in Sources */ = {isa = PBXBuildFile; fileRef = B8CC954D9E7EEE76BBD93434 /* DZMainViewController.m */; };
		B8CC9E1FDB65E44117180B49 /* Main_iPhone.storyboard in Resources */ = {isa = PBXBuildFile; fileRef = B8CC9B58D5EF004D91BD1A22 /* Main_iPhone.storyboard */; };
		B8CC9E8B9B36BCA08278248D /* main.m in Sources */ = {isa = PBXBuildFile; fileRef = B8CC92C06C4CCBDF81FAE3C9 /* main.m */; };
		B8CC9F6BAA3E3384178DA453 /* DZImageEditingViewController.m in Sources */ = {isa = PBXBuildFile; fileRef = B8CC9626BD3EA04B7E7A76F1 /* DZImageEditingViewController.m */; };
		B8CC9F88068D9B8BEC1A7C1D /* InfoPlist.strings in Resources */ = {isa = PBXBuildFile; fileRef = B8CC98A77C5238E89F204AD3 /* InfoPlist.strings */; };
		F783474A19483300003E6CC5 /* DZImageHelper.m in Sources */ = {isa = PBXBuildFile; fileRef = F783474919483300003E6CC5 /* DZImageHelper.m */; };
		F7834750194887A1003E6CC5 /* overlay200.png in Resources */ = {isa = PBXBuildFile; fileRef = F783474F194887A1003E6CC5 /* overlay200.png */; };
		F78B806E193CC0A00009BE09 /* DZImageEditingViewController~iphone.xib in Resources */ = {isa = PBXBuildFile; fileRef = F78B806D193CC0A00009BE09 /* DZImageEditingViewController~iphone.xib */; };
		F78B8070193CC0BA0009BE09 /* DZImageEditingViewController.xib in Resources */ = {isa = PBXBuildFile; fileRef = F78B806F193CC0BA0009BE09 /* DZImageEditingViewController.xib */; };
/* End PBXBuildFile section */

/* Begin PBXFileReference section */
		B8CC91171BCB2209604E89FC /* DZImageEditingViewController.h */ = {isa = PBXFileReference; fileEncoding = 4; lastKnownFileType = sourcecode.c.h; path = DZImageEditingViewController.h; sourceTree = "<group>"; };
		B8CC91A2919ACF015BDE34B6 /* DZImageEditingExample.app */ = {isa = PBXFileReference; explicitFileType = wrapper.application; includeInIndex = 0; path = DZImageEditingExample.app; sourceTree = BUILT_PRODUCTS_DIR; };
		B8CC92C06C4CCBDF81FAE3C9 /* main.m */ = {isa = PBXFileReference; lastKnownFileType = sourcecode.c.objc; path = main.m; sourceTree = "<group>"; };
		B8CC945105B26000E4E865AF /* Images.xcassets */ = {isa = PBXFileReference; lastKnownFileType = folder.assetcatalog; path = Images.xcassets; sourceTree = "<group>"; };
		B8CC94C53FEECC59EC439D09 /* DZAppDelegate.m */ = {isa = PBXFileReference; fileEncoding = 4; lastKnownFileType = sourcecode.c.objc; path = DZAppDelegate.m; sourceTree = "<group>"; };
		B8CC954D9E7EEE76BBD93434 /* DZMainViewController.m */ = {isa = PBXFileReference; fileEncoding = 4; lastKnownFileType = sourcecode.c.objc; path = DZMainViewController.m; sourceTree = "<group>"; };
		B8CC95A9F21511B0C2D5959D /* Base */ = {isa = PBXFileReference; lastKnownFileType = file.storyboard; name = Base; path = DZImageEditingExample/Base.lproj/Main_iPhone.storyboard; sourceTree = SOURCE_ROOT; };
		B8CC9626BD3EA04B7E7A76F1 /* DZImageEditingViewController.m */ = {isa = PBXFileReference; fileEncoding = 4; lastKnownFileType = sourcecode.c.objc; path = DZImageEditingViewController.m; sourceTree = "<group>"; };
		B8CC96F49C579D2799164221 /* XCTest.framework */ = {isa = PBXFileReference; lastKnownFileType = wrapper.framework; name = XCTest.framework; path = Library/Frameworks/XCTest.framework; sourceTree = DEVELOPER_DIR; };
		B8CC97B9DF491530D6315EBF /* UIKit.framework */ = {isa = PBXFileReference; lastKnownFileType = wrapper.framework; name = UIKit.framework; path = System/Library/Frameworks/UIKit.framework; sourceTree = SDKROOT; };
		B8CC985F8993205BC77C4E9A /* DZAppDelegate.h */ = {isa = PBXFileReference; fileEncoding = 4; lastKnownFileType = sourcecode.c.h; path = DZAppDelegate.h; sourceTree = "<group>"; };
		B8CC98B995F27E823D5C31B8 /* Foundation.framework */ = {isa = PBXFileReference; lastKnownFileType = wrapper.framework; name = Foundation.framework; path = System/Library/Frameworks/Foundation.framework; sourceTree = SDKROOT; };
		B8CC98BD0670D9EE5F97C117 /* DZImageEditingExample-Prefix.pch */ = {isa = PBXFileReference; lastKnownFileType = sourcecode.c.h; path = "DZImageEditingExample-Prefix.pch"; sourceTree = "<group>"; };
		B8CC9A06D24D2147B5896300 /* DZImageEditingExample-Info.plist */ = {isa = PBXFileReference; lastKnownFileType = text.plist.info; path = "DZImageEditingExample-Info.plist"; sourceTree = "<group>"; };
		B8CC9BD7EED05A76A92C69A4 /* DZMainViewController.h */ = {isa = PBXFileReference; fileEncoding = 4; lastKnownFileType = sourcecode.c.h; path = DZMainViewController.h; sourceTree = "<group>"; };
		B8CC9C6B9634C742B075D0A6 /* CoreGraphics.framework */ = {isa = PBXFileReference; lastKnownFileType = wrapper.framework; name = CoreGraphics.framework; path = System/Library/Frameworks/CoreGraphics.framework; sourceTree = SDKROOT; };
		B8CC9CB36447B1C32D376930 /* en */ = {isa = PBXFileReference; lastKnownFileType = text.plist.strings; name = en; path = en.lproj/InfoPlist.strings; sourceTree = "<group>"; };
		B8CC9FA9FEA36405534C5A3A /* Base */ = {isa = PBXFileReference; lastKnownFileType = file.storyboard; name = Base; path = DZImageEditingExample/Base.lproj/Main_iPad.storyboard; sourceTree = SOURCE_ROOT; };
		F783474819483300003E6CC5 /* DZImageHelper.h */ = {isa = PBXFileReference; fileEncoding = 4; lastKnownFileType = sourcecode.c.h; path = DZImageHelper.h; sourceTree = "<group>"; };
		F783474919483300003E6CC5 /* DZImageHelper.m */ = {isa = PBXFileReference; fileEncoding = 4; lastKnownFileType = sourcecode.c.objc; path = DZImageHelper.m; sourceTree = "<group>"; };
		F783474F194887A1003E6CC5 /* overlay200.png */ = {isa = PBXFileReference; lastKnownFileType = image.png; path = overlay200.png; sourceTree = "<group>"; };
		F78B806D193CC0A00009BE09 /* DZImageEditingViewController~iphone.xib */ = {isa = PBXFileReference; fileEncoding = 4; lastKnownFileType = file.xib; path = "DZImageEditingViewController~iphone.xib"; sourceTree = "<group>"; };
		F78B806F193CC0BA0009BE09 /* DZImageEditingViewController.xib */ = {isa = PBXFileReference; fileEncoding = 4; lastKnownFileType = file.xib; path = DZImageEditingViewController.xib; sourceTree = "<group>"; };
/* End PBXFileReference section */

/* Begin PBXFrameworksBuildPhase section */
		B8CC9BDE9CFB73BBE06E0F09 /* Frameworks */ = {
			isa = PBXFrameworksBuildPhase;
			buildActionMask = 2147483647;
			files = (
				B8CC9086F6F7308FA94B23EC /* Foundation.framework in Frameworks */,
				B8CC94FB4A29C3EE11055CE7 /* CoreGraphics.framework in Frameworks */,
				B8CC9BCA91DC51E7105D4DDF /* UIKit.framework in Frameworks */,
			);
			runOnlyForDeploymentPostprocessing = 0;
		};
/* End PBXFrameworksBuildPhase section */

/* Begin PBXGroup section */
		B8CC908B17E77E36ACD5B772 /* Frameworks */ = {
			isa = PBXGroup;
			children = (
				B8CC98B995F27E823D5C31B8 /* Foundation.framework */,
				B8CC9C6B9634C742B075D0A6 /* CoreGraphics.framework */,
				B8CC97B9DF491530D6315EBF /* UIKit.framework */,
				B8CC96F49C579D2799164221 /* XCTest.framework */,
			);
			name = Frameworks;
			sourceTree = "<group>";
		};
		B8CC936C988ED07CA406ED3A /* DZImageEditing */ = {
			isa = PBXGroup;
			children = (
				F783474719483300003E6CC5 /* Helpers */,
				B8CC91171BCB2209604E89FC /* DZImageEditingViewController.h */,
				B8CC9626BD3EA04B7E7A76F1 /* DZImageEditingViewController.m */,
				F78B806D193CC0A00009BE09 /* DZImageEditingViewController~iphone.xib */,
				F78B806F193CC0BA0009BE09 /* DZImageEditingViewController.xib */,
			);
			path = DZImageEditing;
			sourceTree = "<group>";
		};
		B8CC946249F1486A663E6B79 = {
			isa = PBXGroup;
			children = (
				B8CC9FD05B3B08A21AEC493F /* Products */,
				B8CC908B17E77E36ACD5B772 /* Frameworks */,
				B8CC9CFE5B7EFCC31DE6026F /* DZImageEditingExample */,
				B8CC936C988ED07CA406ED3A /* DZImageEditing */,
			);
			sourceTree = "<group>";
		};
		B8CC9B30AC1B2E32DA1CE3E2 /* ViewControllers */ = {
			isa = PBXGroup;
			children = (
				B8CC9BD7EED05A76A92C69A4 /* DZMainViewController.h */,
				B8CC954D9E7EEE76BBD93434 /* DZMainViewController.m */,
				B8CC9769B9AC88E24A5C3AA1 /* Main_iPad.storyboard */,
				B8CC9B58D5EF004D91BD1A22 /* Main_iPhone.storyboard */,
			);
			path = ViewControllers;
			sourceTree = "<group>";
		};
		B8CC9CFE5B7EFCC31DE6026F /* DZImageEditingExample */ = {
			isa = PBXGroup;
			children = (
				F783474E194887A1003E6CC5 /* Resources */,
				B8CC9E89F2167A2BAB2B910B /* Supporting Files */,
				B8CC945105B26000E4E865AF /* Images.xcassets */,
				B8CC9B30AC1B2E32DA1CE3E2 /* ViewControllers */,
			);
			path = DZImageEditingExample;
			sourceTree = "<group>";
		};
		B8CC9E89F2167A2BAB2B910B /* Supporting Files */ = {
			isa = PBXGroup;
			children = (
				B8CC9A06D24D2147B5896300 /* DZImageEditingExample-Info.plist */,
				B8CC98A77C5238E89F204AD3 /* InfoPlist.strings */,
				B8CC92C06C4CCBDF81FAE3C9 /* main.m */,
				B8CC98BD0670D9EE5F97C117 /* DZImageEditingExample-Prefix.pch */,
				B8CC985F8993205BC77C4E9A /* DZAppDelegate.h */,
				B8CC94C53FEECC59EC439D09 /* DZAppDelegate.m */,
			);
			name = "Supporting Files";
			sourceTree = "<group>";
		};
		B8CC9FD05B3B08A21AEC493F /* Products */ = {
			isa = PBXGroup;
			children = (
				B8CC91A2919ACF015BDE34B6 /* DZImageEditingExample.app */,
			);
			name = Products;
			sourceTree = "<group>";
		};
		F783474719483300003E6CC5 /* Helpers */ = {
			isa = PBXGroup;
			children = (
				F783474819483300003E6CC5 /* DZImageHelper.h */,
				F783474919483300003E6CC5 /* DZImageHelper.m */,
			);
			path = Helpers;
			sourceTree = "<group>";
		};
		F783474E194887A1003E6CC5 /* Resources */ = {
			isa = PBXGroup;
			children = (
				F783474F194887A1003E6CC5 /* overlay200.png */,
			);
			path = Resources;
			sourceTree = "<group>";
		};
/* End PBXGroup section */

/* Begin PBXNativeTarget section */
		B8CC9FBCEFDE921174452790 /* DZImageEditingExample */ = {
			isa = PBXNativeTarget;
			buildConfigurationList = B8CC90C3BC6AF01CB7E5A706 /* Build configuration list for PBXNativeTarget "DZImageEditingExample" */;
			buildPhases = (
				B8CC92AB062C120F54E6CEBC /* Sources */,
				B8CC9BDE9CFB73BBE06E0F09 /* Frameworks */,
				B8CC9A086621DE296F721422 /* Resources */,
			);
			buildRules = (
			);
			dependencies = (
			);
			name = DZImageEditingExample;
			productName = DZImageEditing;
			productReference = B8CC91A2919ACF015BDE34B6 /* DZImageEditingExample.app */;
			productType = "com.apple.product-type.application";
		};
/* End PBXNativeTarget section */

/* Begin PBXProject section */
		B8CC9A2E136D347126773AE6 /* Project object */ = {
			isa = PBXProject;
			attributes = {
				CLASSPREFIX = DZ;
				ORGANIZATIONNAME = "Dmitry Zozulya";
			};
			buildConfigurationList = B8CC93CE45E156A5B3A2419D /* Build configuration list for PBXProject "DZImageEditingExample" */;
			compatibilityVersion = "Xcode 3.2";
			developmentRegion = English;
			hasScannedForEncodings = 0;
			knownRegions = (
				en,
			);
			mainGroup = B8CC946249F1486A663E6B79;
			productRefGroup = B8CC9FD05B3B08A21AEC493F /* Products */;
			projectDirPath = "";
			projectRoot = "";
			targets = (
				B8CC9FBCEFDE921174452790 /* DZImageEditingExample */,
			);
		};
/* End PBXProject section */

/* Begin PBXResourcesBuildPhase section */
		B8CC9A086621DE296F721422 /* Resources */ = {
			isa = PBXResourcesBuildPhase;
			buildActionMask = 2147483647;
			files = (
				B8CC9F88068D9B8BEC1A7C1D /* InfoPlist.strings in Resources */,
				B8CC9C1679499B77F9C1F9D2 /* Images.xcassets in Resources */,
				F78B8070193CC0BA0009BE09 /* DZImageEditingViewController.xib in Resources */,
				B8CC96C78CF229D96DAECDD4 /* Main_iPad.storyboard in Resources */,
				B8CC9E1FDB65E44117180B49 /* Main_iPhone.storyboard in Resources */,
				F7834750194887A1003E6CC5 /* overlay200.png in Resources */,
				F78B806E193CC0A00009BE09 /* DZImageEditingViewController~iphone.xib in Resources */,
			);
			runOnlyForDeploymentPostprocessing = 0;
		};
/* End PBXResourcesBuildPhase section */

/* Begin PBXSourcesBuildPhase section */
		B8CC92AB062C120F54E6CEBC /* Sources */ = {
			isa = PBXSourcesBuildPhase;
			buildActionMask = 2147483647;
			files = (
				B8CC9E8B9B36BCA08278248D /* main.m in Sources */,
				F783474A19483300003E6CC5 /* DZImageHelper.m in Sources */,
				B8CC9CFE852FFB72375AE907 /* DZMainViewController.m in Sources */,
				B8CC9110C090176364F8B368 /* DZAppDelegate.m in Sources */,
				B8CC9F6BAA3E3384178DA453 /* DZImageEditingViewController.m in Sources */,
			);
			runOnlyForDeploymentPostprocessing = 0;
		};
/* End PBXSourcesBuildPhase section */

/* Begin PBXVariantGroup section */
		B8CC9769B9AC88E24A5C3AA1 /* Main_iPad.storyboard */ = {
			isa = PBXVariantGroup;
			children = (
				B8CC9FA9FEA36405534C5A3A /* Base */,
			);
			name = Main_iPad.storyboard;
			sourceTree = "<group>";
		};
		B8CC98A77C5238E89F204AD3 /* InfoPlist.strings */ = {
			isa = PBXVariantGroup;
			children = (
				B8CC9CB36447B1C32D376930 /* en */,
			);
			name = InfoPlist.strings;
			sourceTree = "<group>";
		};
		B8CC9B58D5EF004D91BD1A22 /* Main_iPhone.storyboard */ = {
			isa = PBXVariantGroup;
			children = (
				B8CC95A9F21511B0C2D5959D /* Base */,
			);
			name = Main_iPhone.storyboard;
			sourceTree = "<group>";
		};
/* End PBXVariantGroup section */

/* Begin XCBuildConfiguration section */
		B8CC90E36BB41B94C65968C3 /* Debug */ = {
			isa = XCBuildConfiguration;
			buildSettings = {
				ASSETCATALOG_COMPILER_APPICON_NAME = AppIcon;
				ASSETCATALOG_COMPILER_LAUNCHIMAGE_NAME = LaunchImage;
				GCC_PRECOMPILE_PREFIX_HEADER = YES;
				GCC_PREFIX_HEADER = "DZImageEditingExample/DZImageEditingExample-Prefix.pch";
				INFOPLIST_FILE = "$(SRCROOT)/DZImageEditingExample/DZImageEditingExample-Info.plist";
				PRODUCT_NAME = DZImageEditingExample;
				WRAPPER_EXTENSION = app;
			};
			name = Debug;
		};
		B8CC998D495E1875B3B67971 /* Debug */ = {
			isa = XCBuildConfiguration;
			buildSettings = {
				ALWAYS_SEARCH_USER_PATHS = NO;
				CLANG_CXX_LANGUAGE_STANDARD = "gnu++0x";
				CLANG_CXX_LIBRARY = "libc++";
				CLANG_ENABLE_MODULES = YES;
				CLANG_ENABLE_OBJC_ARC = YES;
				CLANG_WARN_BOOL_CONVERSION = YES;
				CLANG_WARN_CONSTANT_CONVERSION = YES;
				CLANG_WARN_DIRECT_OBJC_ISA_USAGE = YES_ERROR;
				CLANG_WARN_EMPTY_BODY = YES;
				CLANG_WARN_ENUM_CONVERSION = YES;
				CLANG_WARN_INT_CONVERSION = YES;
				CLANG_WARN_OBJC_ROOT_CLASS = YES_ERROR;
				CLANG_WARN__DUPLICATE_METHOD_MATCH = YES;
				"CODE_SIGN_IDENTITY[sdk=iphoneos*]" = "iPhone Developer";
				COPY_PHASE_STRIP = NO;
				GCC_C_LANGUAGE_STANDARD = gnu99;
				GCC_DYNAMIC_NO_PIC = NO;
				GCC_OPTIMIZATION_LEVEL = 0;
				GCC_PREPROCESSOR_DEFINITIONS = (
					"DEBUG=1",
					"$(inherited)",
				);
				GCC_SYMBOLS_PRIVATE_EXTERN = NO;
				GCC_WARN_64_TO_32_BIT_CONVERSION = YES;
				GCC_WARN_ABOUT_RETURN_TYPE = YES_ERROR;
				GCC_WARN_UNDECLARED_SELECTOR = YES;
				GCC_WARN_UNINITIALIZED_AUTOS = YES_AGGRESSIVE;
				GCC_WARN_UNUSED_FUNCTION = YES;
				GCC_WARN_UNUSED_VARIABLE = YES;
				IPHONEOS_DEPLOYMENT_TARGET = 7.0;
				ONLY_ACTIVE_ARCH = YES;
				SDKROOT = iphoneos;
				TARGETED_DEVICE_FAMILY = "1,2";
			};
			name = Debug;
		};
		B8CC99DC781E2ACAF8A6E1E7 /* Release */ = {
			isa = XCBuildConfiguration;
			buildSettings = {
				ASSETCATALOG_COMPILER_APPICON_NAME = AppIcon;
				ASSETCATALOG_COMPILER_LAUNCHIMAGE_NAME = LaunchImage;
				GCC_PRECOMPILE_PREFIX_HEADER = YES;
				GCC_PREFIX_HEADER = "DZImageEditingExample/DZImageEditingExample-Prefix.pch";
				INFOPLIST_FILE = "$(SRCROOT)/DZImageEditingExample/DZImageEditingExample-Info.plist";
				PRODUCT_NAME = DZImageEditingExample;
				WRAPPER_EXTENSION = app;
			};
			name = Release;
		};
		B8CC9B7605B93B09C9A6B29C /* Release */ = {
			isa = XCBuildConfiguration;
			buildSettings = {
				ALWAYS_SEARCH_USER_PATHS = NO;
				CLANG_CXX_LANGUAGE_STANDARD = "gnu++0x";
				CLANG_CXX_LIBRARY = "libc++";
				CLANG_ENABLE_MODULES = YES;
				CLANG_ENABLE_OBJC_ARC = YES;
				CLANG_WARN_BOOL_CONVERSION = YES;
				CLANG_WARN_CONSTANT_CONVERSION = YES;
				CLANG_WARN_DIRECT_OBJC_ISA_USAGE = YES_ERROR;
				CLANG_WARN_EMPTY_BODY = YES;
				CLANG_WARN_ENUM_CONVERSION = YES;
				CLANG_WARN_INT_CONVERSION = YES;
				CLANG_WARN_OBJC_ROOT_CLASS = YES_ERROR;
				CLANG_WARN__DUPLICATE_METHOD_MATCH = YES;
				"CODE_SIGN_IDENTITY[sdk=iphoneos*]" = "iPhone Developer";
				COPY_PHASE_STRIP = YES;
				ENABLE_NS_ASSERTIONS = NO;
				GCC_C_LANGUAGE_STANDARD = gnu99;
				GCC_WARN_64_TO_32_BIT_CONVERSION = YES;
				GCC_WARN_ABOUT_RETURN_TYPE = YES_ERROR;
				GCC_WARN_UNDECLARED_SELECTOR = YES;
				GCC_WARN_UNINITIALIZED_AUTOS = YES_AGGRESSIVE;
				GCC_WARN_UNUSED_FUNCTION = YES;
				GCC_WARN_UNUSED_VARIABLE = YES;
				IPHONEOS_DEPLOYMENT_TARGET = 7.0;
				SDKROOT = iphoneos;
				TARGETED_DEVICE_FAMILY = "1,2";
				VALIDATE_PRODUCT = YES;
			};
			name = Release;
		};
/* End XCBuildConfiguration section */

/* Begin XCConfigurationList section */
		B8CC90C3BC6AF01CB7E5A706 /* Build configuration list for PBXNativeTarget "DZImageEditingExample" */ = {
			isa = XCConfigurationList;
			buildConfigurations = (
				B8CC90E36BB41B94C65968C3 /* Debug */,
				B8CC99DC781E2ACAF8A6E1E7 /* Release */,
			);
			defaultConfigurationIsVisible = 0;
			defaultConfigurationName = Release;
		};
		B8CC93CE45E156A5B3A2419D /* Build configuration list for PBXProject "DZImageEditingExample" */ = {
			isa = XCConfigurationList;
			buildConfigurations = (
				B8CC998D495E1875B3B67971 /* Debug */,
				B8CC9B7605B93B09C9A6B29C /* Release */,
			);
			defaultConfigurationIsVisible = 0;
			defaultConfigurationName = Release;
		};
/* End XCConfigurationList section */
	};
	rootObject = B8CC9A2E136D347126773AE6 /* Project object */;
}
